
Microsoft Visual Studio Solution File, Format Version 12.00
# Visual Studio Version 18
VisualStudioVersion = 18.4.11626.88 stable
MinimumVisualStudioVersion = 10.0.40219.1
Project("{FAE04EC0-301F-11D3-BF4B-00C04F79EFBC}") = "MagneticLasso", "MagneticLasso.csproj", "{7D418CE5-93AE-1207-03B7-3E26EF56166E}"
EndProject
Global
	GlobalSection(SolutionConfigurationPlatforms) = preSolution
		Debug|Any CPU = Debug|Any CPU
		Release|Any CPU = Release|Any CPU
	EndGlobalSection
	GlobalSection(ProjectConfigurationPlatforms) = postSolution
		{7D418CE5-93AE-1207-03B7-3E26EF56166E}.Debug|Any CPU.ActiveCfg = Debug|Any CPU
		{7D418CE5-93AE-1207-03B7-3E26EF56166E}.Debug|Any CPU.Build.0 = Debug|Any CPU
		{7D418CE5-93AE-1207-03B7-3E26EF56166E}.Release|Any CPU.ActiveCfg = Release|Any CPU
		{7D418CE5-93AE-1207-03B7-3E26EF56166E}.Release|Any CPU.Build.0 = Release|Any CPU
	EndGlobalSection
	GlobalSection(SolutionProperties) = preSolution
		HideSolutionNode = FALSE
	EndGlobalSection
	GlobalSection(ExtensibilityGlobals) = postSolution
		SolutionGuid = {2794A097-1F8E-4AB9-859B-7CD9D5CC6FC3}
	EndGlobalSection
EndGlobal
